
Microsoft Visual Studio Solution File, Format Version 12.00
# Visual Studio Version 17
VisualStudioVersion = 17.14.36408.4 d17.14
MinimumVisualStudioVersion = 10.0.40219.1
Project("{FAE04EC0-301F-11D3-BF4B-00C04F79EFBC}") = "QuizGame", "QuizGame\QuizGame.csproj", "{16CF8ECA-3838-4C0B-B90F-4B06254E62CB}"
EndProject
Global
	GlobalSection(SolutionConfigurationPlatforms) = preSolution
		Debug|Any CPU = Debug|Any CPU
		Release|Any CPU = Release|Any CPU
	EndGlobalSection
	GlobalSection(ProjectConfigurationPlatforms) = postSolution
		{16CF8ECA-3838-4C0B-B90F-4B06254E62CB}.Debug|Any CPU.ActiveCfg = Debug|Any CPU
		{16CF8ECA-3838-4C0B-B90F-4B06254E62CB}.Debug|Any CPU.Build.0 = Debug|Any CPU
		{16CF8ECA-3838-4C0B-B90F-4B06254E62CB}.Release|Any CPU.ActiveCfg = Release|Any CPU
		{16CF8ECA-3838-4C0B-B90F-4B06254E62CB}.Release|Any CPU.Build.0 = Release|Any CPU
	EndGlobalSection
	GlobalSection(SolutionProperties) = preSolution
		HideSolutionNode = FALSE
	EndGlobalSection
	GlobalSection(ExtensibilityGlobals) = postSolution
		SolutionGuid = {3FD7CA8B-B900-4B87-B25D-C99C145C8653}
	EndGlobalSection
EndGlobal
